
Microsoft Visual Studio Solution File, Format Version 12.00
# Visual Studio Version 17
VisualStudioVersion = 17.0.31903.59
MinimumVisualStudioVersion = 10.0.40219.1
Project("{FAE04EC0-301F-11D3-BF4B-00C04F79EFBC}") = ".github", ".github\.github.csproj", "{BE32E2A6-C1B5-4FDA-99AD-BBC2BE074B6C}"
EndProject
Project("{2150E333-8FDC-42A3-9474-1A3956D46DE8}") = "src", "src", "{0072BE2A-3320-461F-BAAF-004F3D4A6DD7}"
EndProject
Project("{FAE04EC0-301F-11D3-BF4B-00C04F79EFBC}") = "MonoMod.Backports", "src\MonoMod.Backports\MonoMod.Backports.csproj", "{2D581161-E255-4E42-8C5E-34613FCB2757}"
EndProject
Project("{FAE04EC0-301F-11D3-BF4B-00C04F79EFBC}") = "MonoMod.Backports.Tasks", "src\MonoMod.Backports.Tasks\MonoMod.Backports.Tasks.csproj", "{A91DF203-A104-44F8-8BCF-8272F767D611}"
EndProject
Project("{FAE04EC0-301F-11D3-BF4B-00C04F79EFBC}") = "MonoMod.ILHelpers", "src\MonoMod.ILHelpers\MonoMod.ILHelpers.ilproj", "{112DAFF8-1313-4F4D-9B59-21C20E484ECE}"
EndProject
Project("{FAE04EC0-301F-11D3-BF4B-00C04F79EFBC}") = "tools", "tools\tools.csproj", "{9AC35DDB-BDCE-450F-A3FF-6A5FF21388B5}"
EndProject
Project("{2150E333-8FDC-42A3-9474-1A3956D46DE8}") = "Solution Items", "Solution Items", "{041FBA0D-9297-42B8-93B0-5552F0CC1116}"
	ProjectSection(SolutionItems) = preProject
		Directory.Build.props = Directory.Build.props
		Directory.Build.rsp = Directory.Build.rsp
		Directory.Build.targets = Directory.Build.targets
		global.json = global.json
		LICENSE = LICENSE
		nuget.config = nuget.config
	EndProjectSection
EndProject
Project("{FAE04EC0-301F-11D3-BF4B-00C04F79EFBC}") = "Postprocess", "src\Postprocess\Postprocess.csproj", "{298AB7A1-1E7A-4B4E-ACAE-6B51E69682AB}"
EndProject
Project("{FAE04EC0-301F-11D3-BF4B-00C04F79EFBC}") = "ShimGen", "src\ShimGen\ShimGen.csproj", "{9ACA800E-4C14-40E6-AEE9-E798DA9254A2}"
EndProject
Project("{FAE04EC0-301F-11D3-BF4B-00C04F79EFBC}") = "MonoMod.Backports.Shims", "src\MonoMod.Backports.Shims\MonoMod.Backports.Shims.csproj", "{4B9158E2-41D6-4C93-963D-9A655E7FDDE4}"
EndProject
Global
	GlobalSection(SolutionConfigurationPlatforms) = preSolution
		Debug|Any CPU = Debug|Any CPU
		Release|Any CPU = Release|Any CPU
	EndGlobalSection
	GlobalSection(ProjectConfigurationPlatforms) = postSolution
		{BE32E2A6-C1B5-4FDA-99AD-BBC2BE074B6C}.Debug|Any CPU.ActiveCfg = Debug|Any CPU
		{BE32E2A6-C1B5-4FDA-99AD-BBC2BE074B6C}.Debug|Any CPU.Build.0 = Debug|Any CPU
		{BE32E2A6-C1B5-4FDA-99AD-BBC2BE074B6C}.Release|Any CPU.ActiveCfg = Release|Any CPU
		{BE32E2A6-C1B5-4FDA-99AD-BBC2BE074B6C}.Release|Any CPU.Build.0 = Release|Any CPU
		{2D581161-E255-4E42-8C5E-34613FCB2757}.Debug|Any CPU.ActiveCfg = Debug|Any CPU
		{2D581161-E255-4E42-8C5E-34613FCB2757}.Debug|Any CPU.Build.0 = Debug|Any CPU
		{2D581161-E255-4E42-8C5E-34613FCB2757}.Release|Any CPU.ActiveCfg = Release|Any CPU
		{2D581161-E255-4E42-8C5E-34613FCB2757}.Release|Any CPU.Build.0 = Release|Any CPU
		{A91DF203-A104-44F8-8BCF-8272F767D611}.Debug|Any CPU.ActiveCfg = Debug|Any CPU
		{A91DF203-A104-44F8-8BCF-8272F767D611}.Debug|Any CPU.Build.0 = Debug|Any CPU
		{A91DF203-A104-44F8-8BCF-8272F767D611}.Release|Any CPU.ActiveCfg = Release|Any CPU
		{A91DF203-A104-44F8-8BCF-8272F767D611}.Release|Any CPU.Build.0 = Release|Any CPU
		{112DAFF8-1313-4F4D-9B59-21C20E484ECE}.Debug|Any CPU.ActiveCfg = Debug|Any CPU
		{112DAFF8-1313-4F4D-9B59-21C20E484ECE}.Debug|Any CPU.Build.0 = Debug|Any CPU
		{112DAFF8-1313-4F4D-9B59-21C20E484ECE}.Release|Any CPU.ActiveCfg = Release|Any CPU
		{112DAFF8-1313-4F4D-9B59-21C20E484ECE}.Release|Any CPU.Build.0 = Release|Any CPU
		{9AC35DDB-BDCE-450F-A3FF-6A5FF21388B5}.Debug|Any CPU.ActiveCfg = Debug|Any CPU
		{9AC35DDB-BDCE-450F-A3FF-6A5FF21388B5}.Debug|Any CPU.Build.0 = Debug|Any CPU
		{9AC35DDB-BDCE-450F-A3FF-6A5FF21388B5}.Release|Any CPU.ActiveCfg = Release|Any CPU
		{9AC35DDB-BDCE-450F-A3FF-6A5FF21388B5}.Release|Any CPU.Build.0 = Release|Any CPU
		{298AB7A1-1E7A-4B4E-ACAE-6B51E69682AB}.Debug|Any CPU.ActiveCfg = Debug|Any CPU
		{298AB7A1-1E7A-4B4E-ACAE-6B51E69682AB}.Debug|Any CPU.Build.0 = Debug|Any CPU
		{298AB7A1-1E7A-4B4E-ACAE-6B51E69682AB}.Release|Any CPU.ActiveCfg = Release|Any CPU
		{298AB7A1-1E7A-4B4E-ACAE-6B51E69682AB}.Release|Any CPU.Build.0 = Release|Any CPU
		{9ACA800E-4C14-40E6-AEE9-E798DA9254A2}.Debug|Any CPU.ActiveCfg = Debug|Any CPU
		{9ACA800E-4C14-40E6-AEE9-E798DA9254A2}.Debug|Any CPU.Build.0 = Debug|Any CPU
		{9ACA800E-4C14-40E6-AEE9-E798DA9254A2}.Release|Any CPU.ActiveCfg = Release|Any CPU
		{9ACA800E-4C14-40E6-AEE9-E798DA9254A2}.Release|Any CPU.Build.0 = Release|Any CPU
		{4B9158E2-41D6-4C93-963D-9A655E7FDDE4}.Debug|Any CPU.ActiveCfg = Debug|Any CPU
		{4B9158E2-41D6-4C93-963D-9A655E7FDDE4}.Debug|Any CPU.Build.0 = Debug|Any CPU
		{4B9158E2-41D6-4C93-963D-9A655E7FDDE4}.Release|Any CPU.ActiveCfg = Release|Any CPU
		{4B9158E2-41D6-4C93-963D-9A655E7FDDE4}.Release|Any CPU.Build.0 = Release|Any CPU
	EndGlobalSection
	GlobalSection(SolutionProperties) = preSolution
		HideSolutionNode = FALSE
	EndGlobalSection
	GlobalSection(NestedProjects) = preSolution
		{BE32E2A6-C1B5-4FDA-99AD-BBC2BE074B6C} = {041FBA0D-9297-42B8-93B0-5552F0CC1116}
		{2D581161-E255-4E42-8C5E-34613FCB2757} = {0072BE2A-3320-461F-BAAF-004F3D4A6DD7}
		{A91DF203-A104-44F8-8BCF-8272F767D611} = {0072BE2A-3320-461F-BAAF-004F3D4A6DD7}
		{112DAFF8-1313-4F4D-9B59-21C20E484ECE} = {0072BE2A-3320-461F-BAAF-004F3D4A6DD7}
		{9AC35DDB-BDCE-450F-A3FF-6A5FF21388B5} = {041FBA0D-9297-42B8-93B0-5552F0CC1116}
		{298AB7A1-1E7A-4B4E-ACAE-6B51E69682AB} = {0072BE2A-3320-461F-BAAF-004F3D4A6DD7}
		{9ACA800E-4C14-40E6-AEE9-E798DA9254A2} = {0072BE2A-3320-461F-BAAF-004F3D4A6DD7}
		{4B9158E2-41D6-4C93-963D-9A655E7FDDE4} = {0072BE2A-3320-461F-BAAF-004F3D4A6DD7}
	EndGlobalSection
	GlobalSection(ExtensibilityGlobals) = postSolution
		SolutionGuid = {A64787DD-E7ED-4D5E-9ACF-37EA1555FE96}
	EndGlobalSection
EndGlobal
